
Microsoft Visual Studio Solution File, Format Version 12.00
# Visual Studio Version 16
VisualStudioVersion = 25.0.1705.0
MinimumVisualStudioVersion = 10.0.40219.1
Project("{FAE04EC0-301F-11D3-BF4B-00C04F79EFBC}") = "0_BitMatrix", "0_BitMatrix\0_BitMatrix.csproj", "{0DF06509-37D2-413C-BE1E-21E03D58C51F}"
EndProject
Global
	GlobalSection(SolutionConfigurationPlatforms) = preSolution
		Debug|Any CPU = Debug|Any CPU
		Release|Any CPU = Release|Any CPU
	EndGlobalSection
	GlobalSection(ProjectConfigurationPlatforms) = postSolution
		{0DF06509-37D2-413C-BE1E-21E03D58C51F}.Debug|Any CPU.ActiveCfg = Debug|Any CPU
		{0DF06509-37D2-413C-BE1E-21E03D58C51F}.Debug|Any CPU.Build.0 = Debug|Any CPU
		{0DF06509-37D2-413C-BE1E-21E03D58C51F}.Release|Any CPU.ActiveCfg = Release|Any CPU
		{0DF06509-37D2-413C-BE1E-21E03D58C51F}.Release|Any CPU.Build.0 = Release|Any CPU
	EndGlobalSection
	GlobalSection(SolutionProperties) = preSolution
		HideSolutionNode = FALSE
	EndGlobalSection
	GlobalSection(ExtensibilityGlobals) = postSolution
		SolutionGuid = {4A737376-DD7D-4C72-94AC-807A4C16DD70}
	EndGlobalSection
EndGlobal
